
Microsoft Visual Studio Solution File, Format Version 12.00
# Visual Studio 15
VisualStudioVersion = 15.0.26228.4
MinimumVisualStudioVersion = 10.0.40219.1
Project("{9A19103F-16F7-4668-BE54-9A1E7A4F7556}") = "AIR.SDK.QueueManager.Tests", "AIR.SDK.QueueManager.Tests\AIR.SDK.QueueManager.Tests.csproj", "{DCC42C2B-EC0F-4858-A20A-0D84F9BF5B75}"
EndProject
Project("{9A19103F-16F7-4668-BE54-9A1E7A4F7556}") = "AIR.SDK.StorageManager.Tests", "AIR.SDK.StorageManager.Tests\AIR.SDK.StorageManager.Tests.csproj", "{C92F58FB-21B9-4553-9455-69E85EE38171}"
EndProject
Project("{9A19103F-16F7-4668-BE54-9A1E7A4F7556}") = "AIR.SDK.Workflow.Tests", "AIR.SDK.Workflow.Tests\AIR.SDK.Workflow.Tests.csproj", "{A2ECB99B-87BD-4B05-8342-6DEAB1629E72}"
EndProject
Project("{9A19103F-16F7-4668-BE54-9A1E7A4F7556}") = "AIR.SDK.NetStandard.QueueManager", "AIR.SDK.NetCore.QueueManager\AIR.SDK.NetStandard.QueueManager.csproj", "{86CD978F-E172-4196-9A03-0AC58D5C781A}"
EndProject
Project("{9A19103F-16F7-4668-BE54-9A1E7A4F7556}") = "AIR.SDK.NetStandard.StorageManager", "AIR.SDK.NetCore.StorageManager\AIR.SDK.NetStandard.StorageManager.csproj", "{80BFE6C4-AD3B-4497-A552-2980AE70E7F9}"
EndProject
Project("{9A19103F-16F7-4668-BE54-9A1E7A4F7556}") = "AIR.SDK.NetStandard.Workflow", "AIR.SDK.NetCore.Workflow\AIR.SDK.NetStandard.Workflow.csproj", "{9ADFA4D0-D739-4DF8-ABE8-0F2B311C9CF4}"
EndProject
Project("{9A19103F-16F7-4668-BE54-9A1E7A4F7556}") = "AIR.API.NetStandard.Core", "AIR.SDK.Core\AIR.API.NetStandard.Core.csproj", "{2511C128-E086-4667-9CB1-1E7BCE3FD4C3}"
EndProject
Project("{2150E333-8FDC-42A3-9474-1A3956D46DE8}") = "Solution Items", "Solution Items", "{FC215448-F8F1-4C13-A071-ABD7DE3E27A1}"
	ProjectSection(SolutionItems) = preProject
		CHANGELOG.md = CHANGELOG.md
		README.md = README.md
	EndProjectSection
EndProject
Global
	GlobalSection(SolutionConfigurationPlatforms) = preSolution
		Branch|Any CPU = Branch|Any CPU
		Branch|x64 = Branch|x64
		Branch|x86 = Branch|x86
		Debug|Any CPU = Debug|Any CPU
		Debug|x64 = Debug|x64
		Debug|x86 = Debug|x86
		Dev|Any CPU = Dev|Any CPU
		Dev|x64 = Dev|x64
		Dev|x86 = Dev|x86
		Dev1|Any CPU = Dev1|Any CPU
		Dev1|x64 = Dev1|x64
		Dev1|x86 = Dev1|x86
		Dev2|Any CPU = Dev2|Any CPU
		Dev2|x64 = Dev2|x64
		Dev2|x86 = Dev2|x86
		Hotfix|Any CPU = Hotfix|Any CPU
		Hotfix|x64 = Hotfix|x64
		Hotfix|x86 = Hotfix|x86
		PLG|Any CPU = PLG|Any CPU
		PLG|x64 = PLG|x64
		PLG|x86 = PLG|x86
		PROD|Any CPU = PROD|Any CPU
		PROD|x64 = PROD|x64
		PROD|x86 = PROD|x86
		PROD-LL|Any CPU = PROD-LL|Any CPU
		PROD-LL|x64 = PROD-LL|x64
		PROD-LL|x86 = PROD-LL|x86
		QA|Any CPU = QA|Any CPU
		QA|x64 = QA|x64
		QA|x86 = QA|x86
		Release|Any CPU = Release|Any CPU
		Release|x64 = Release|x64
		Release|x86 = Release|x86
		Replica|Any CPU = Replica|Any CPU
		Replica|x64 = Replica|x64
		Replica|x86 = Replica|x86
	EndGlobalSection
	GlobalSection(ProjectConfigurationPlatforms) = postSolution
		{DCC42C2B-EC0F-4858-A20A-0D84F9BF5B75}.Branch|Any CPU.ActiveCfg = Debug|Any CPU
		{DCC42C2B-EC0F-4858-A20A-0D84F9BF5B75}.Branch|Any CPU.Build.0 = Debug|Any CPU
		{DCC42C2B-EC0F-4858-A20A-0D84F9BF5B75}.Branch|x64.ActiveCfg = Debug|Any CPU
		{DCC42C2B-EC0F-4858-A20A-0D84F9BF5B75}.Branch|x64.Build.0 = Debug|Any CPU
		{DCC42C2B-EC0F-4858-A20A-0D84F9BF5B75}.Branch|x86.ActiveCfg = Debug|Any CPU
		{DCC42C2B-EC0F-4858-A20A-0D84F9BF5B75}.Branch|x86.Build.0 = Debug|Any CPU
		{DCC42C2B-EC0F-4858-A20A-0D84F9BF5B75}.Debug|Any CPU.ActiveCfg = Debug|Any CPU
		{DCC42C2B-EC0F-4858-A20A-0D84F9BF5B75}.Debug|Any CPU.Build.0 = Debug|Any CPU
		{DCC42C2B-EC0F-4858-A20A-0D84F9BF5B75}.Debug|x64.ActiveCfg = Debug|Any CPU
		{DCC42C2B-EC0F-4858-A20A-0D84F9BF5B75}.Debug|x64.Build.0 = Debug|Any CPU
		{DCC42C2B-EC0F-4858-A20A-0D84F9BF5B75}.Debug|x86.ActiveCfg = Debug|Any CPU
		{DCC42C2B-EC0F-4858-A20A-0D84F9BF5B75}.Debug|x86.Build.0 = Debug|Any CPU
		{DCC42C2B-EC0F-4858-A20A-0D84F9BF5B75}.Dev|Any CPU.ActiveCfg = Debug|Any CPU
		{DCC42C2B-EC0F-4858-A20A-0D84F9BF5B75}.Dev|Any CPU.Build.0 = Debug|Any CPU
		{DCC42C2B-EC0F-4858-A20A-0D84F9BF5B75}.Dev|x64.ActiveCfg = Debug|Any CPU
		{DCC42C2B-EC0F-4858-A20A-0D84F9BF5B75}.Dev|x64.Build.0 = Debug|Any CPU
		{DCC42C2B-EC0F-4858-A20A-0D84F9BF5B75}.Dev|x86.ActiveCfg = Debug|Any CPU
		{DCC42C2B-EC0F-4858-A20A-0D84F9BF5B75}.Dev|x86.Build.0 = Debug|Any CPU
		{DCC42C2B-EC0F-4858-A20A-0D84F9BF5B75}.Dev1|Any CPU.ActiveCfg = Debug|Any CPU
		{DCC42C2B-EC0F-4858-A20A-0D84F9BF5B75}.Dev1|Any CPU.Build.0 = Debug|Any CPU
		{DCC42C2B-EC0F-4858-A20A-0D84F9BF5B75}.Dev1|x64.ActiveCfg = Debug|Any CPU
		{DCC42C2B-EC0F-4858-A20A-0D84F9BF5B75}.Dev1|x64.Build.0 = Debug|Any CPU
		{DCC42C2B-EC0F-4858-A20A-0D84F9BF5B75}.Dev1|x86.ActiveCfg = Debug|Any CPU
		{DCC42C2B-EC0F-4858-A20A-0D84F9BF5B75}.Dev1|x86.Build.0 = Debug|Any CPU
		{DCC42C2B-EC0F-4858-A20A-0D84F9BF5B75}.Dev2|Any CPU.ActiveCfg = Debug|Any CPU
		{DCC42C2B-EC0F-4858-A20A-0D84F9BF5B75}.Dev2|Any CPU.Build.0 = Debug|Any CPU
		{DCC42C2B-EC0F-4858-A20A-0D84F9BF5B75}.Dev2|x64.ActiveCfg = Debug|Any CPU
		{DCC42C2B-EC0F-4858-A20A-0D84F9BF5B75}.Dev2|x64.Build.0 = Debug|Any CPU
		{DCC42C2B-EC0F-4858-A20A-0D84F9BF5B75}.Dev2|x86.ActiveCfg = Debug|Any CPU
		{DCC42C2B-EC0F-4858-A20A-0D84F9BF5B75}.Dev2|x86.Build.0 = Debug|Any CPU
		{DCC42C2B-EC0F-4858-A20A-0D84F9BF5B75}.Hotfix|Any CPU.ActiveCfg = Debug|Any CPU
		{DCC42C2B-EC0F-4858-A20A-0D84F9BF5B75}.Hotfix|Any CPU.Build.0 = Debug|Any CPU
		{DCC42C2B-EC0F-4858-A20A-0D84F9BF5B75}.Hotfix|x64.ActiveCfg = Debug|Any CPU
		{DCC42C2B-EC0F-4858-A20A-0D84F9BF5B75}.Hotfix|x64.Build.0 = Debug|Any CPU
		{DCC42C2B-EC0F-4858-A20A-0D84F9BF5B75}.Hotfix|x86.ActiveCfg = Debug|Any CPU
		{DCC42C2B-EC0F-4858-A20A-0D84F9BF5B75}.Hotfix|x86.Build.0 = Debug|Any CPU
		{DCC42C2B-EC0F-4858-A20A-0D84F9BF5B75}.PLG|Any CPU.ActiveCfg = Debug|Any CPU
		{DCC42C2B-EC0F-4858-A20A-0D84F9BF5B75}.PLG|Any CPU.Build.0 = Debug|Any CPU
		{DCC42C2B-EC0F-4858-A20A-0D84F9BF5B75}.PLG|x64.ActiveCfg = Debug|Any CPU
		{DCC42C2B-EC0F-4858-A20A-0D84F9BF5B75}.PLG|x64.Build.0 = Debug|Any CPU
		{DCC42C2B-EC0F-4858-A20A-0D84F9BF5B75}.PLG|x86.ActiveCfg = Debug|Any CPU
		{DCC42C2B-EC0F-4858-A20A-0D84F9BF5B75}.PLG|x86.Build.0 = Debug|Any CPU
		{DCC42C2B-EC0F-4858-A20A-0D84F9BF5B75}.PROD|Any CPU.ActiveCfg = Debug|Any CPU
		{DCC42C2B-EC0F-4858-A20A-0D84F9BF5B75}.PROD|Any CPU.Build.0 = Debug|Any CPU
		{DCC42C2B-EC0F-4858-A20A-0D84F9BF5B75}.PROD|x64.ActiveCfg = Debug|Any CPU
		{DCC42C2B-EC0F-4858-A20A-0D84F9BF5B75}.PROD|x64.Build.0 = Debug|Any CPU
		{DCC42C2B-EC0F-4858-A20A-0D84F9BF5B75}.PROD|x86.ActiveCfg = Debug|Any CPU
		{DCC42C2B-EC0F-4858-A20A-0D84F9BF5B75}.PROD|x86.Build.0 = Debug|Any CPU
		{DCC42C2B-EC0F-4858-A20A-0D84F9BF5B75}.PROD-LL|Any CPU.ActiveCfg = Debug|Any CPU
		{DCC42C2B-EC0F-4858-A20A-0D84F9BF5B75}.PROD-LL|Any CPU.Build.0 = Debug|Any CPU
		{DCC42C2B-EC0F-4858-A20A-0D84F9BF5B75}.PROD-LL|x64.ActiveCfg = Debug|Any CPU
		{DCC42C2B-EC0F-4858-A20A-0D84F9BF5B75}.PROD-LL|x64.Build.0 = Debug|Any CPU
		{DCC42C2B-EC0F-4858-A20A-0D84F9BF5B75}.PROD-LL|x86.ActiveCfg = Debug|Any CPU
		{DCC42C2B-EC0F-4858-A20A-0D84F9BF5B75}.PROD-LL|x86.Build.0 = Debug|Any CPU
		{DCC42C2B-EC0F-4858-A20A-0D84F9BF5B75}.QA|Any CPU.ActiveCfg = Debug|Any CPU
		{DCC42C2B-EC0F-4858-A20A-0D84F9BF5B75}.QA|Any CPU.Build.0 = Debug|Any CPU
		{DCC42C2B-EC0F-4858-A20A-0D84F9BF5B75}.QA|x64.ActiveCfg = Debug|Any CPU
		{DCC42C2B-EC0F-4858-A20A-0D84F9BF5B75}.QA|x64.Build.0 = Debug|Any CPU
		{DCC42C2B-EC0F-4858-A20A-0D84F9BF5B75}.QA|x86.ActiveCfg = Debug|Any CPU
		{DCC42C2B-EC0F-4858-A20A-0D84F9BF5B75}.QA|x86.Build.0 = Debug|Any CPU
		{DCC42C2B-EC0F-4858-A20A-0D84F9BF5B75}.Release|Any CPU.ActiveCfg = Release|Any CPU
		{DCC42C2B-EC0F-4858-A20A-0D84F9BF5B75}.Release|Any CPU.Build.0 = Release|Any CPU
		{DCC42C2B-EC0F-4858-A20A-0D84F9BF5B75}.Release|x64.ActiveCfg = Release|Any CPU
		{DCC42C2B-EC0F-4858-A20A-0D84F9BF5B75}.Release|x64.Build.0 = Release|Any CPU
		{DCC42C2B-EC0F-4858-A20A-0D84F9BF5B75}.Release|x86.ActiveCfg = Release|Any CPU
		{DCC42C2B-EC0F-4858-A20A-0D84F9BF5B75}.Release|x86.Build.0 = Release|Any CPU
		{DCC42C2B-EC0F-4858-A20A-0D84F9BF5B75}.Replica|Any CPU.ActiveCfg = Release|Any CPU
		{DCC42C2B-EC0F-4858-A20A-0D84F9BF5B75}.Replica|Any CPU.Build.0 = Release|Any CPU
		{DCC42C2B-EC0F-4858-A20A-0D84F9BF5B75}.Replica|x64.ActiveCfg = Release|Any CPU
		{DCC42C2B-EC0F-4858-A20A-0D84F9BF5B75}.Replica|x64.Build.0 = Release|Any CPU
		{DCC42C2B-EC0F-4858-A20A-0D84F9BF5B75}.Replica|x86.ActiveCfg = Release|Any CPU
		{DCC42C2B-EC0F-4858-A20A-0D84F9BF5B75}.Replica|x86.Build.0 = Release|Any CPU
		{C92F58FB-21B9-4553-9455-69E85EE38171}.Branch|Any CPU.ActiveCfg = Debug|Any CPU
		{C92F58FB-21B9-4553-9455-69E85EE38171}.Branch|Any CPU.Build.0 = Debug|Any CPU
		{C92F58FB-21B9-4553-9455-69E85EE38171}.Branch|x64.ActiveCfg = Debug|Any CPU
		{C92F58FB-21B9-4553-9455-69E85EE38171}.Branch|x64.Build.0 = Debug|Any CPU
		{C92F58FB-21B9-4553-9455-69E85EE38171}.Branch|x86.ActiveCfg = Debug|Any CPU
		{C92F58FB-21B9-4553-9455-69E85EE38171}.Branch|x86.Build.0 = Debug|Any CPU
		{C92F58FB-21B9-4553-9455-69E85EE38171}.Debug|Any CPU.ActiveCfg = Debug|Any CPU
		{C92F58FB-21B9-4553-9455-69E85EE38171}.Debug|Any CPU.Build.0 = Debug|Any CPU
		{C92F58FB-21B9-4553-9455-69E85EE38171}.Debug|x64.ActiveCfg = Debug|Any CPU
		{C92F58FB-21B9-4553-9455-69E85EE38171}.Debug|x64.Build.0 = Debug|Any CPU
		{C92F58FB-21B9-4553-9455-69E85EE38171}.Debug|x86.ActiveCfg = Debug|Any CPU
		{C92F58FB-21B9-4553-9455-69E85EE38171}.Debug|x86.Build.0 = Debug|Any CPU
		{C92F58FB-21B9-4553-9455-69E85EE38171}.Dev|Any CPU.ActiveCfg = Debug|Any CPU
		{C92F58FB-21B9-4553-9455-69E85EE38171}.Dev|Any CPU.Build.0 = Debug|Any CPU
		{C92F58FB-21B9-4553-9455-69E85EE38171}.Dev|x64.ActiveCfg = Debug|Any CPU
		{C92F58FB-21B9-4553-9455-69E85EE38171}.Dev|x64.Build.0 = Debug|Any CPU
		{C92F58FB-21B9-4553-9455-69E85EE38171}.Dev|x86.ActiveCfg = Debug|Any CPU
		{C92F58FB-21B9-4553-9455-69E85EE38171}.Dev|x86.Build.0 = Debug|Any CPU
		{C92F58FB-21B9-4553-9455-69E85EE38171}.Dev1|Any CPU.ActiveCfg = Debug|Any CPU
		{C92F58FB-21B9-4553-9455-69E85EE38171}.Dev1|Any CPU.Build.0 = Debug|Any CPU
		{C92F58FB-21B9-4553-9455-69E85EE38171}.Dev1|x64.ActiveCfg = Debug|Any CPU
		{C92F58FB-21B9-4553-9455-69E85EE38171}.Dev1|x64.Build.0 = Debug|Any CPU
		{C92F58FB-21B9-4553-9455-69E85EE38171}.Dev1|x86.ActiveCfg = Debug|Any CPU
		{C92F58FB-21B9-4553-9455-69E85EE38171}.Dev1|x86.Build.0 = Debug|Any CPU
		{C92F58FB-21B9-4553-9455-69E85EE38171}.Dev2|Any CPU.ActiveCfg = Debug|Any CPU
		{C92F58FB-21B9-4553-9455-69E85EE38171}.Dev2|Any CPU.Build.0 = Debug|Any CPU
		{C92F58FB-21B9-4553-9455-69E85EE38171}.Dev2|x64.ActiveCfg = Debug|Any CPU
		{C92F58FB-21B9-4553-9455-69E85EE38171}.Dev2|x64.Build.0 = Debug|Any CPU
		{C92F58FB-21B9-4553-9455-69E85EE38171}.Dev2|x86.ActiveCfg = Debug|Any CPU
		{C92F58FB-21B9-4553-9455-69E85EE38171}.Dev2|x86.Build.0 = Debug|Any CPU
		{C92F58FB-21B9-4553-9455-69E85EE38171}.Hotfix|Any CPU.ActiveCfg = Debug|Any CPU
		{C92F58FB-21B9-4553-9455-69E85EE38171}.Hotfix|Any CPU.Build.0 = Debug|Any CPU
		{C92F58FB-21B9-4553-9455-69E85EE38171}.Hotfix|x64.ActiveCfg = Debug|Any CPU
		{C92F58FB-21B9-4553-9455-69E85EE38171}.Hotfix|x64.Build.0 = Debug|Any CPU
		{C92F58FB-21B9-4553-9455-69E85EE38171}.Hotfix|x86.ActiveCfg = Debug|Any CPU
		{C92F58FB-21B9-4553-9455-69E85EE38171}.Hotfix|x86.Build.0 = Debug|Any CPU
		{C92F58FB-21B9-4553-9455-69E85EE38171}.PLG|Any CPU.ActiveCfg = Debug|Any CPU
		{C92F58FB-21B9-4553-9455-69E85EE38171}.PLG|Any CPU.Build.0 = Debug|Any CPU
		{C92F58FB-21B9-4553-9455-69E85EE38171}.PLG|x64.ActiveCfg = Debug|Any CPU
		{C92F58FB-21B9-4553-9455-69E85EE38171}.PLG|x64.Build.0 = Debug|Any CPU
		{C92F58FB-21B9-4553-9455-69E85EE38171}.PLG|x86.ActiveCfg = Debug|Any CPU
		{C92F58FB-21B9-4553-9455-69E85EE38171}.PLG|x86.Build.0 = Debug|Any CPU
		{C92F58FB-21B9-4553-9455-69E85EE38171}.PROD|Any CPU.ActiveCfg = Debug|Any CPU
		{C92F58FB-21B9-4553-9455-69E85EE38171}.PROD|Any CPU.Build.0 = Debug|Any CPU
		{C92F58FB-21B9-4553-9455-69E85EE38171}.PROD|x64.ActiveCfg = Debug|Any CPU
		{C92F58FB-21B9-4553-9455-69E85EE38171}.PROD|x64.Build.0 = Debug|Any CPU
		{C92F58FB-21B9-4553-9455-69E85EE38171}.PROD|x86.ActiveCfg = Debug|Any CPU
		{C92F58FB-21B9-4553-9455-69E85EE38171}.PROD|x86.Build.0 = Debug|Any CPU
		{C92F58FB-21B9-4553-9455-69E85EE38171}.PROD-LL|Any CPU.ActiveCfg = Debug|Any CPU
		{C92F58FB-21B9-4553-9455-69E85EE38171}.PROD-LL|Any CPU.Build.0 = Debug|Any CPU
		{C92F58FB-21B9-4553-9455-69E85EE38171}.PROD-LL|x64.ActiveCfg = Debug|Any CPU
		{C92F58FB-21B9-4553-9455-69E85EE38171}.PROD-LL|x64.Build.0 = Debug|Any CPU
		{C92F58FB-21B9-4553-9455-69E85EE38171}.PROD-LL|x86.ActiveCfg = Debug|Any CPU
		{C92F58FB-21B9-4553-9455-69E85EE38171}.PROD-LL|x86.Build.0 = Debug|Any CPU
		{C92F58FB-21B9-4553-9455-69E85EE38171}.QA|Any CPU.ActiveCfg = Debug|Any CPU
		{C92F58FB-21B9-4553-9455-69E85EE38171}.QA|Any CPU.Build.0 = Debug|Any CPU
		{C92F58FB-21B9-4553-9455-69E85EE38171}.QA|x64.ActiveCfg = Debug|Any CPU
		{C92F58FB-21B9-4553-9455-69E85EE38171}.QA|x64.Build.0 = Debug|Any CPU
		{C92F58FB-21B9-4553-9455-69E85EE38171}.QA|x86.ActiveCfg = Debug|Any CPU
		{C92F58FB-21B9-4553-9455-69E85EE38171}.QA|x86.Build.0 = Debug|Any CPU
		{C92F58FB-21B9-4553-9455-69E85EE38171}.Release|Any CPU.ActiveCfg = Release|Any CPU
		{C92F58FB-21B9-4553-9455-69E85EE38171}.Release|Any CPU.Build.0 = Release|Any CPU
		{C92F58FB-21B9-4553-9455-69E85EE38171}.Release|x64.ActiveCfg = Release|Any CPU
		{C92F58FB-21B9-4553-9455-69E85EE38171}.Release|x64.Build.0 = Release|Any CPU
		{C92F58FB-21B9-4553-9455-69E85EE38171}.Release|x86.ActiveCfg = Release|Any CPU
		{C92F58FB-21B9-4553-9455-69E85EE38171}.Release|x86.Build.0 = Release|Any CPU
		{C92F58FB-21B9-4553-9455-69E85EE38171}.Replica|Any CPU.ActiveCfg = Release|Any CPU
		{C92F58FB-21B9-4553-9455-69E85EE38171}.Replica|Any CPU.Build.0 = Release|Any CPU
		{C92F58FB-21B9-4553-9455-69E85EE38171}.Replica|x64.ActiveCfg = Release|Any CPU
		{C92F58FB-21B9-4553-9455-69E85EE38171}.Replica|x64.Build.0 = Release|Any CPU
		{C92F58FB-21B9-4553-9455-69E85EE38171}.Replica|x86.ActiveCfg = Release|Any CPU
		{C92F58FB-21B9-4553-9455-69E85EE38171}.Replica|x86.Build.0 = Release|Any CPU
		{A2ECB99B-87BD-4B05-8342-6DEAB1629E72}.Branch|Any CPU.ActiveCfg = Debug|Any CPU
		{A2ECB99B-87BD-4B05-8342-6DEAB1629E72}.Branch|Any CPU.Build.0 = Debug|Any CPU
		{A2ECB99B-87BD-4B05-8342-6DEAB1629E72}.Branch|x64.ActiveCfg = Debug|Any CPU
		{A2ECB99B-87BD-4B05-8342-6DEAB1629E72}.Branch|x64.Build.0 = Debug|Any CPU
		{A2ECB99B-87BD-4B05-8342-6DEAB1629E72}.Branch|x86.ActiveCfg = Debug|Any CPU
		{A2ECB99B-87BD-4B05-8342-6DEAB1629E72}.Branch|x86.Build.0 = Debug|Any CPU
		{A2ECB99B-87BD-4B05-8342-6DEAB1629E72}.Debug|Any CPU.ActiveCfg = Debug|Any CPU
		{A2ECB99B-87BD-4B05-8342-6DEAB1629E72}.Debug|Any CPU.Build.0 = Debug|Any CPU
		{A2ECB99B-87BD-4B05-8342-6DEAB1629E72}.Debug|x64.ActiveCfg = Debug|Any CPU
		{A2ECB99B-87BD-4B05-8342-6DEAB1629E72}.Debug|x64.Build.0 = Debug|Any CPU
		{A2ECB99B-87BD-4B05-8342-6DEAB1629E72}.Debug|x86.ActiveCfg = Debug|Any CPU
		{A2ECB99B-87BD-4B05-8342-6DEAB1629E72}.Debug|x86.Build.0 = Debug|Any CPU
		{A2ECB99B-87BD-4B05-8342-6DEAB1629E72}.Dev|Any CPU.ActiveCfg = Debug|Any CPU
		{A2ECB99B-87BD-4B05-8342-6DEAB1629E72}.Dev|Any CPU.Build.0 = Debug|Any CPU
		{A2ECB99B-87BD-4B05-8342-6DEAB1629E72}.Dev|x64.ActiveCfg = Debug|Any CPU
		{A2ECB99B-87BD-4B05-8342-6DEAB1629E72}.Dev|x64.Build.0 = Debug|Any CPU
		{A2ECB99B-87BD-4B05-8342-6DEAB1629E72}.Dev|x86.ActiveCfg = Debug|Any CPU
		{A2ECB99B-87BD-4B05-8342-6DEAB1629E72}.Dev|x86.Build.0 = Debug|Any CPU
		{A2ECB99B-87BD-4B05-8342-6DEAB1629E72}.Dev1|Any CPU.ActiveCfg = Debug|Any CPU
		{A2ECB99B-87BD-4B05-8342-6DEAB1629E72}.Dev1|Any CPU.Build.0 = Debug|Any CPU
		{A2ECB99B-87BD-4B05-8342-6DEAB1629E72}.Dev1|x64.ActiveCfg = Debug|Any CPU
		{A2ECB99B-87BD-4B05-8342-6DEAB1629E72}.Dev1|x64.Build.0 = Debug|Any CPU
		{A2ECB99B-87BD-4B05-8342-6DEAB1629E72}.Dev1|x86.ActiveCfg = Debug|Any CPU
		{A2ECB99B-87BD-4B05-8342-6DEAB1629E72}.Dev1|x86.Build.0 = Debug|Any CPU
		{A2ECB99B-87BD-4B05-8342-6DEAB1629E72}.Dev2|Any CPU.ActiveCfg = Debug|Any CPU
		{A2ECB99B-87BD-4B05-8342-6DEAB1629E72}.Dev2|Any CPU.Build.0 = Debug|Any CPU
		{A2ECB99B-87BD-4B05-8342-6DEAB1629E72}.Dev2|x64.ActiveCfg = Debug|Any CPU
		{A2ECB99B-87BD-4B05-8342-6DEAB1629E72}.Dev2|x64.Build.0 = Debug|Any CPU
		{A2ECB99B-87BD-4B05-8342-6DEAB1629E72}.Dev2|x86.ActiveCfg = Debug|Any CPU
		{A2ECB99B-87BD-4B05-8342-6DEAB1629E72}.Dev2|x86.Build.0 = Debug|Any CPU
		{A2ECB99B-87BD-4B05-8342-6DEAB1629E72}.Hotfix|Any CPU.ActiveCfg = Debug|Any CPU
		{A2ECB99B-87BD-4B05-8342-6DEAB1629E72}.Hotfix|Any CPU.Build.0 = Debug|Any CPU
		{A2ECB99B-87BD-4B05-8342-6DEAB1629E72}.Hotfix|x64.ActiveCfg = Debug|Any CPU
		{A2ECB99B-87BD-4B05-8342-6DEAB1629E72}.Hotfix|x64.Build.0 = Debug|Any CPU
		{A2ECB99B-87BD-4B05-8342-6DEAB1629E72}.Hotfix|x86.ActiveCfg = Debug|Any CPU
		{A2ECB99B-87BD-4B05-8342-6DEAB1629E72}.Hotfix|x86.Build.0 = Debug|Any CPU
		{A2ECB99B-87BD-4B05-8342-6DEAB1629E72}.PLG|Any CPU.ActiveCfg = Debug|Any CPU
		{A2ECB99B-87BD-4B05-8342-6DEAB1629E72}.PLG|Any CPU.Build.0 = Debug|Any CPU
		{A2ECB99B-87BD-4B05-8342-6DEAB1629E72}.PLG|x64.ActiveCfg = Debug|Any CPU
		{A2ECB99B-87BD-4B05-8342-6DEAB1629E72}.PLG|x64.Build.0 = Debug|Any CPU
		{A2ECB99B-87BD-4B05-8342-6DEAB1629E72}.PLG|x86.ActiveCfg = Debug|Any CPU
		{A2ECB99B-87BD-4B05-8342-6DEAB1629E72}.PLG|x86.Build.0 = Debug|Any CPU
		{A2ECB99B-87BD-4B05-8342-6DEAB1629E72}.PROD|Any CPU.ActiveCfg = Debug|Any CPU
		{A2ECB99B-87BD-4B05-8342-6DEAB1629E72}.PROD|Any CPU.Build.0 = Debug|Any CPU
		{A2ECB99B-87BD-4B05-8342-6DEAB1629E72}.PROD|x64.ActiveCfg = Debug|Any CPU
		{A2ECB99B-87BD-4B05-8342-6DEAB1629E72}.PROD|x64.Build.0 = Debug|Any CPU
		{A2ECB99B-87BD-4B05-8342-6DEAB1629E72}.PROD|x86.ActiveCfg = Debug|Any CPU
		{A2ECB99B-87BD-4B05-8342-6DEAB1629E72}.PROD|x86.Build.0 = Debug|Any CPU
		{A2ECB99B-87BD-4B05-8342-6DEAB1629E72}.PROD-LL|Any CPU.ActiveCfg = Debug|Any CPU
		{A2ECB99B-87BD-4B05-8342-6DEAB1629E72}.PROD-LL|Any CPU.Build.0 = Debug|Any CPU
		{A2ECB99B-87BD-4B05-8342-6DEAB1629E72}.PROD-LL|x64.ActiveCfg = Debug|Any CPU
		{A2ECB99B-87BD-4B05-8342-6DEAB1629E72}.PROD-LL|x64.Build.0 = Debug|Any CPU
		{A2ECB99B-87BD-4B05-8342-6DEAB1629E72}.PROD-LL|x86.ActiveCfg = Debug|Any CPU
		{A2ECB99B-87BD-4B05-8342-6DEAB1629E72}.PROD-LL|x86.Build.0 = Debug|Any CPU
		{A2ECB99B-87BD-4B05-8342-6DEAB1629E72}.QA|Any CPU.ActiveCfg = Debug|Any CPU
		{A2ECB99B-87BD-4B05-8342-6DEAB1629E72}.QA|Any CPU.Build.0 = Debug|Any CPU
		{A2ECB99B-87BD-4B05-8342-6DEAB1629E72}.QA|x64.ActiveCfg = Debug|Any CPU
		{A2ECB99B-87BD-4B05-8342-6DEAB1629E72}.QA|x64.Build.0 = Debug|Any CPU
		{A2ECB99B-87BD-4B05-8342-6DEAB1629E72}.QA|x86.ActiveCfg = Debug|Any CPU
		{A2ECB99B-87BD-4B05-8342-6DEAB1629E72}.QA|x86.Build.0 = Debug|Any CPU
		{A2ECB99B-87BD-4B05-8342-6DEAB1629E72}.Release|Any CPU.ActiveCfg = Release|Any CPU
		{A2ECB99B-87BD-4B05-8342-6DEAB1629E72}.Release|Any CPU.Build.0 = Release|Any CPU
		{A2ECB99B-87BD-4B05-8342-6DEAB1629E72}.Release|x64.ActiveCfg = Release|Any CPU
		{A2ECB99B-87BD-4B05-8342-6DEAB1629E72}.Release|x64.Build.0 = Release|Any CPU
		{A2ECB99B-87BD-4B05-8342-6DEAB1629E72}.Release|x86.ActiveCfg = Release|Any CPU
		{A2ECB99B-87BD-4B05-8342-6DEAB1629E72}.Release|x86.Build.0 = Release|Any CPU
		{A2ECB99B-87BD-4B05-8342-6DEAB1629E72}.Replica|Any CPU.ActiveCfg = Release|Any CPU
		{A2ECB99B-87BD-4B05-8342-6DEAB1629E72}.Replica|Any CPU.Build.0 = Release|Any CPU
		{A2ECB99B-87BD-4B05-8342-6DEAB1629E72}.Replica|x64.ActiveCfg = Release|Any CPU
		{A2ECB99B-87BD-4B05-8342-6DEAB1629E72}.Replica|x64.Build.0 = Release|Any CPU
		{A2ECB99B-87BD-4B05-8342-6DEAB1629E72}.Replica|x86.ActiveCfg = Release|Any CPU
		{A2ECB99B-87BD-4B05-8342-6DEAB1629E72}.Replica|x86.Build.0 = Release|Any CPU
		{86CD978F-E172-4196-9A03-0AC58D5C781A}.Branch|Any CPU.ActiveCfg = Debug|Any CPU
		{86CD978F-E172-4196-9A03-0AC58D5C781A}.Branch|Any CPU.Build.0 = Debug|Any CPU
		{86CD978F-E172-4196-9A03-0AC58D5C781A}.Branch|x64.ActiveCfg = Debug|Any CPU
		{86CD978F-E172-4196-9A03-0AC58D5C781A}.Branch|x64.Build.0 = Debug|Any CPU
		{86CD978F-E172-4196-9A03-0AC58D5C781A}.Branch|x86.ActiveCfg = Debug|Any CPU
		{86CD978F-E172-4196-9A03-0AC58D5C781A}.Branch|x86.Build.0 = Debug|Any CPU
		{86CD978F-E172-4196-9A03-0AC58D5C781A}.Debug|Any CPU.ActiveCfg = Debug|Any CPU
		{86CD978F-E172-4196-9A03-0AC58D5C781A}.Debug|Any CPU.Build.0 = Debug|Any CPU
		{86CD978F-E172-4196-9A03-0AC58D5C781A}.Debug|x64.ActiveCfg = Debug|Any CPU
		{86CD978F-E172-4196-9A03-0AC58D5C781A}.Debug|x64.Build.0 = Debug|Any CPU
		{86CD978F-E172-4196-9A03-0AC58D5C781A}.Debug|x86.ActiveCfg = Debug|Any CPU
		{86CD978F-E172-4196-9A03-0AC58D5C781A}.Debug|x86.Build.0 = Debug|Any CPU
		{86CD978F-E172-4196-9A03-0AC58D5C781A}.Dev|Any CPU.ActiveCfg = Debug|Any CPU
		{86CD978F-E172-4196-9A03-0AC58D5C781A}.Dev|Any CPU.Build.0 = Debug|Any CPU
		{86CD978F-E172-4196-9A03-0AC58D5C781A}.Dev|x64.ActiveCfg = Debug|Any CPU
		{86CD978F-E172-4196-9A03-0AC58D5C781A}.Dev|x64.Build.0 = Debug|Any CPU
		{86CD978F-E172-4196-9A03-0AC58D5C781A}.Dev|x86.ActiveCfg = Debug|Any CPU
		{86CD978F-E172-4196-9A03-0AC58D5C781A}.Dev|x86.Build.0 = Debug|Any CPU
		{86CD978F-E172-4196-9A03-0AC58D5C781A}.Dev1|Any CPU.ActiveCfg = Debug|Any CPU
		{86CD978F-E172-4196-9A03-0AC58D5C781A}.Dev1|Any CPU.Build.0 = Debug|Any CPU
		{86CD978F-E172-4196-9A03-0AC58D5C781A}.Dev1|x64.ActiveCfg = Debug|Any CPU
		{86CD978F-E172-4196-9A03-0AC58D5C781A}.Dev1|x64.Build.0 = Debug|Any CPU
		{86CD978F-E172-4196-9A03-0AC58D5C781A}.Dev1|x86.ActiveCfg = Debug|Any CPU
		{86CD978F-E172-4196-9A03-0AC58D5C781A}.Dev1|x86.Build.0 = Debug|Any CPU
		{86CD978F-E172-4196-9A03-0AC58D5C781A}.Dev2|Any CPU.ActiveCfg = Debug|Any CPU
		{86CD978F-E172-4196-9A03-0AC58D5C781A}.Dev2|Any CPU.Build.0 = Debug|Any CPU
		{86CD978F-E172-4196-9A03-0AC58D5C781A}.Dev2|x64.ActiveCfg = Debug|Any CPU
		{86CD978F-E172-4196-9A03-0AC58D5C781A}.Dev2|x64.Build.0 = Debug|Any CPU
		{86CD978F-E172-4196-9A03-0AC58D5C781A}.Dev2|x86.ActiveCfg = Debug|Any CPU
		{86CD978F-E172-4196-9A03-0AC58D5C781A}.Dev2|x86.Build.0 = Debug|Any CPU
		{86CD978F-E172-4196-9A03-0AC58D5C781A}.Hotfix|Any CPU.ActiveCfg = Debug|Any CPU
		{86CD978F-E172-4196-9A03-0AC58D5C781A}.Hotfix|Any CPU.Build.0 = Debug|Any CPU
		{86CD978F-E172-4196-9A03-0AC58D5C781A}.Hotfix|x64.ActiveCfg = Debug|Any CPU
		{86CD978F-E172-4196-9A03-0AC58D5C781A}.Hotfix|x64.Build.0 = Debug|Any CPU
		{86CD978F-E172-4196-9A03-0AC58D5C781A}.Hotfix|x86.ActiveCfg = Debug|Any CPU
		{86CD978F-E172-4196-9A03-0AC58D5C781A}.Hotfix|x86.Build.0 = Debug|Any CPU
		{86CD978F-E172-4196-9A03-0AC58D5C781A}.PLG|Any CPU.ActiveCfg = Debug|Any CPU
		{86CD978F-E172-4196-9A03-0AC58D5C781A}.PLG|Any CPU.Build.0 = Debug|Any CPU
		{86CD978F-E172-4196-9A03-0AC58D5C781A}.PLG|x64.ActiveCfg = Debug|Any CPU
		{86CD978F-E172-4196-9A03-0AC58D5C781A}.PLG|x64.Build.0 = Debug|Any CPU
		{86CD978F-E172-4196-9A03-0AC58D5C781A}.PLG|x86.ActiveCfg = Debug|Any CPU
		{86CD978F-E172-4196-9A03-0AC58D5C781A}.PLG|x86.Build.0 = Debug|Any CPU
		{86CD978F-E172-4196-9A03-0AC58D5C781A}.PROD|Any CPU.ActiveCfg = Debug|Any CPU
		{86CD978F-E172-4196-9A03-0AC58D5C781A}.PROD|Any CPU.Build.0 = Debug|Any CPU
		{86CD978F-E172-4196-9A03-0AC58D5C781A}.PROD|x64.ActiveCfg = Debug|Any CPU
		{86CD978F-E172-4196-9A03-0AC58D5C781A}.PROD|x64.Build.0 = Debug|Any CPU
		{86CD978F-E172-4196-9A03-0AC58D5C781A}.PROD|x86.ActiveCfg = Debug|Any CPU
		{86CD978F-E172-4196-9A03-0AC58D5C781A}.PROD|x86.Build.0 = Debug|Any CPU
		{86CD978F-E172-4196-9A03-0AC58D5C781A}.PROD-LL|Any CPU.ActiveCfg = Debug|Any CPU
		{86CD978F-E172-4196-9A03-0AC58D5C781A}.PROD-LL|Any CPU.Build.0 = Debug|Any CPU
		{86CD978F-E172-4196-9A03-0AC58D5C781A}.PROD-LL|x64.ActiveCfg = Debug|Any CPU
		{86CD978F-E172-4196-9A03-0AC58D5C781A}.PROD-LL|x64.Build.0 = Debug|Any CPU
		{86CD978F-E172-4196-9A03-0AC58D5C781A}.PROD-LL|x86.ActiveCfg = Debug|Any CPU
		{86CD978F-E172-4196-9A03-0AC58D5C781A}.PROD-LL|x86.Build.0 = Debug|Any CPU
		{86CD978F-E172-4196-9A03-0AC58D5C781A}.QA|Any CPU.ActiveCfg = Debug|Any CPU
		{86CD978F-E172-4196-9A03-0AC58D5C781A}.QA|Any CPU.Build.0 = Debug|Any CPU
		{86CD978F-E172-4196-9A03-0AC58D5C781A}.QA|x64.ActiveCfg = Debug|Any CPU
		{86CD978F-E172-4196-9A03-0AC58D5C781A}.QA|x64.Build.0 = Debug|Any CPU
		{86CD978F-E172-4196-9A03-0AC58D5C781A}.QA|x86.ActiveCfg = Debug|Any CPU
		{86CD978F-E172-4196-9A03-0AC58D5C781A}.QA|x86.Build.0 = Debug|Any CPU
		{86CD978F-E172-4196-9A03-0AC58D5C781A}.Release|Any CPU.ActiveCfg = Release|Any CPU
		{86CD978F-E172-4196-9A03-0AC58D5C781A}.Release|Any CPU.Build.0 = Release|Any CPU
		{86CD978F-E172-4196-9A03-0AC58D5C781A}.Release|x64.ActiveCfg = Release|Any CPU
		{86CD978F-E172-4196-9A03-0AC58D5C781A}.Release|x64.Build.0 = Release|Any CPU
		{86CD978F-E172-4196-9A03-0AC58D5C781A}.Release|x86.ActiveCfg = Release|Any CPU
		{86CD978F-E172-4196-9A03-0AC58D5C781A}.Release|x86.Build.0 = Release|Any CPU
		{86CD978F-E172-4196-9A03-0AC58D5C781A}.Replica|Any CPU.ActiveCfg = Release|Any CPU
		{86CD978F-E172-4196-9A03-0AC58D5C781A}.Replica|Any CPU.Build.0 = Release|Any CPU
		{86CD978F-E172-4196-9A03-0AC58D5C781A}.Replica|x64.ActiveCfg = Release|Any CPU
		{86CD978F-E172-4196-9A03-0AC58D5C781A}.Replica|x64.Build.0 = Release|Any CPU
		{86CD978F-E172-4196-9A03-0AC58D5C781A}.Replica|x86.ActiveCfg = Release|Any CPU
		{86CD978F-E172-4196-9A03-0AC58D5C781A}.Replica|x86.Build.0 = Release|Any CPU
		{80BFE6C4-AD3B-4497-A552-2980AE70E7F9}.Branch|Any CPU.ActiveCfg = Debug|Any CPU
		{80BFE6C4-AD3B-4497-A552-2980AE70E7F9}.Branch|Any CPU.Build.0 = Debug|Any CPU
		{80BFE6C4-AD3B-4497-A552-2980AE70E7F9}.Branch|x64.ActiveCfg = Debug|Any CPU
		{80BFE6C4-AD3B-4497-A552-2980AE70E7F9}.Branch|x64.Build.0 = Debug|Any CPU
		{80BFE6C4-AD3B-4497-A552-2980AE70E7F9}.Branch|x86.ActiveCfg = Debug|Any CPU
		{80BFE6C4-AD3B-4497-A552-2980AE70E7F9}.Branch|x86.Build.0 = Debug|Any CPU
		{80BFE6C4-AD3B-4497-A552-2980AE70E7F9}.Debug|Any CPU.ActiveCfg = Debug|Any CPU
		{80BFE6C4-AD3B-4497-A552-2980AE70E7F9}.Debug|Any CPU.Build.0 = Debug|Any CPU
		{80BFE6C4-AD3B-4497-A552-2980AE70E7F9}.Debug|x64.ActiveCfg = Debug|Any CPU
		{80BFE6C4-AD3B-4497-A552-2980AE70E7F9}.Debug|x64.Build.0 = Debug|Any CPU
		{80BFE6C4-AD3B-4497-A552-2980AE70E7F9}.Debug|x86.ActiveCfg = Debug|Any CPU
		{80BFE6C4-AD3B-4497-A552-2980AE70E7F9}.Debug|x86.Build.0 = Debug|Any CPU
		{80BFE6C4-AD3B-4497-A552-2980AE70E7F9}.Dev|Any CPU.ActiveCfg = Debug|Any CPU
		{80BFE6C4-AD3B-4497-A552-2980AE70E7F9}.Dev|Any CPU.Build.0 = Debug|Any CPU
		{80BFE6C4-AD3B-4497-A552-2980AE70E7F9}.Dev|x64.ActiveCfg = Debug|Any CPU
		{80BFE6C4-AD3B-4497-A552-2980AE70E7F9}.Dev|x64.Build.0 = Debug|Any CPU
		{80BFE6C4-AD3B-4497-A552-2980AE70E7F9}.Dev|x86.ActiveCfg = Debug|Any CPU
		{80BFE6C4-AD3B-4497-A552-2980AE70E7F9}.Dev|x86.Build.0 = Debug|Any CPU
		{80BFE6C4-AD3B-4497-A552-2980AE70E7F9}.Dev1|Any CPU.ActiveCfg = Debug|Any CPU
		{80BFE6C4-AD3B-4497-A552-2980AE70E7F9}.Dev1|Any CPU.Build.0 = Debug|Any CPU
		{80BFE6C4-AD3B-4497-A552-2980AE70E7F9}.Dev1|x64.ActiveCfg = Debug|Any CPU
		{80BFE6C4-AD3B-4497-A552-2980AE70E7F9}.Dev1|x64.Build.0 = Debug|Any CPU
		{80BFE6C4-AD3B-4497-A552-2980AE70E7F9}.Dev1|x86.ActiveCfg = Debug|Any CPU
		{80BFE6C4-AD3B-4497-A552-2980AE70E7F9}.Dev1|x86.Build.0 = Debug|Any CPU
		{80BFE6C4-AD3B-4497-A552-2980AE70E7F9}.Dev2|Any CPU.ActiveCfg = Debug|Any CPU
		{80BFE6C4-AD3B-4497-A552-2980AE70E7F9}.Dev2|Any CPU.Build.0 = Debug|Any CPU
		{80BFE6C4-AD3B-4497-A552-2980AE70E7F9}.Dev2|x64.ActiveCfg = Debug|Any CPU
		{80BFE6C4-AD3B-4497-A552-2980AE70E7F9}.Dev2|x64.Build.0 = Debug|Any CPU
		{80BFE6C4-AD3B-4497-A552-2980AE70E7F9}.Dev2|x86.ActiveCfg = Debug|Any CPU
		{80BFE6C4-AD3B-4497-A552-2980AE70E7F9}.Dev2|x86.Build.0 = Debug|Any CPU
		{80BFE6C4-AD3B-4497-A552-2980AE70E7F9}.Hotfix|Any CPU.ActiveCfg = Debug|Any CPU
		{80BFE6C4-AD3B-4497-A552-2980AE70E7F9}.Hotfix|Any CPU.Build.0 = Debug|Any CPU
		{80BFE6C4-AD3B-4497-A552-2980AE70E7F9}.Hotfix|x64.ActiveCfg = Debug|Any CPU
		{80BFE6C4-AD3B-4497-A552-2980AE70E7F9}.Hotfix|x64.Build.0 = Debug|Any CPU
		{80BFE6C4-AD3B-4497-A552-2980AE70E7F9}.Hotfix|x86.ActiveCfg = Debug|Any CPU
		{80BFE6C4-AD3B-4497-A552-2980AE70E7F9}.Hotfix|x86.Build.0 = Debug|Any CPU
		{80BFE6C4-AD3B-4497-A552-2980AE70E7F9}.PLG|Any CPU.ActiveCfg = Debug|Any CPU
		{80BFE6C4-AD3B-4497-A552-2980AE70E7F9}.PLG|Any CPU.Build.0 = Debug|Any CPU
		{80BFE6C4-AD3B-4497-A552-2980AE70E7F9}.PLG|x64.ActiveCfg = Debug|Any CPU
		{80BFE6C4-AD3B-4497-A552-2980AE70E7F9}.PLG|x64.Build.0 = Debug|Any CPU
		{80BFE6C4-AD3B-4497-A552-2980AE70E7F9}.PLG|x86.ActiveCfg = Debug|Any CPU
		{80BFE6C4-AD3B-4497-A552-2980AE70E7F9}.PLG|x86.Build.0 = Debug|Any CPU
		{80BFE6C4-AD3B-4497-A552-2980AE70E7F9}.PROD|Any CPU.ActiveCfg = Debug|Any CPU
		{80BFE6C4-AD3B-4497-A552-2980AE70E7F9}.PROD|Any CPU.Build.0 = Debug|Any CPU
		{80BFE6C4-AD3B-4497-A552-2980AE70E7F9}.PROD|x64.ActiveCfg = Debug|Any CPU
		{80BFE6C4-AD3B-4497-A552-2980AE70E7F9}.PROD|x64.Build.0 = Debug|Any CPU
		{80BFE6C4-AD3B-4497-A552-2980AE70E7F9}.PROD|x86.ActiveCfg = Debug|Any CPU
		{80BFE6C4-AD3B-4497-A552-2980AE70E7F9}.PROD|x86.Build.0 = Debug|Any CPU
		{80BFE6C4-AD3B-4497-A552-2980AE70E7F9}.PROD-LL|Any CPU.ActiveCfg = Debug|Any CPU
		{80BFE6C4-AD3B-4497-A552-2980AE70E7F9}.PROD-LL|Any CPU.Build.0 = Debug|Any CPU
		{80BFE6C4-AD3B-4497-A552-2980AE70E7F9}.PROD-LL|x64.ActiveCfg = Debug|Any CPU
		{80BFE6C4-AD3B-4497-A552-2980AE70E7F9}.PROD-LL|x64.Build.0 = Debug|Any CPU
		{80BFE6C4-AD3B-4497-A552-2980AE70E7F9}.PROD-LL|x86.ActiveCfg = Debug|Any CPU
		{80BFE6C4-AD3B-4497-A552-2980AE70E7F9}.PROD-LL|x86.Build.0 = Debug|Any CPU
		{80BFE6C4-AD3B-4497-A552-2980AE70E7F9}.QA|Any CPU.ActiveCfg = Debug|Any CPU
		{80BFE6C4-AD3B-4497-A552-2980AE70E7F9}.QA|Any CPU.Build.0 = Debug|Any CPU
		{80BFE6C4-AD3B-4497-A552-2980AE70E7F9}.QA|x64.ActiveCfg = Debug|Any CPU
		{80BFE6C4-AD3B-4497-A552-2980AE70E7F9}.QA|x64.Build.0 = Debug|Any CPU
		{80BFE6C4-AD3B-4497-A552-2980AE70E7F9}.QA|x86.ActiveCfg = Debug|Any CPU
		{80BFE6C4-AD3B-4497-A552-2980AE70E7F9}.QA|x86.Build.0 = Debug|Any CPU
		{80BFE6C4-AD3B-4497-A552-2980AE70E7F9}.Release|Any CPU.ActiveCfg = Release|Any CPU
		{80BFE6C4-AD3B-4497-A552-2980AE70E7F9}.Release|Any CPU.Build.0 = Release|Any CPU
		{80BFE6C4-AD3B-4497-A552-2980AE70E7F9}.Release|x64.ActiveCfg = Release|Any CPU
		{80BFE6C4-AD3B-4497-A552-2980AE70E7F9}.Release|x64.Build.0 = Release|Any CPU
		{80BFE6C4-AD3B-4497-A552-2980AE70E7F9}.Release|x86.ActiveCfg = Release|Any CPU
		{80BFE6C4-AD3B-4497-A552-2980AE70E7F9}.Release|x86.Build.0 = Release|Any CPU
		{80BFE6C4-AD3B-4497-A552-2980AE70E7F9}.Replica|Any CPU.ActiveCfg = Release|Any CPU
		{80BFE6C4-AD3B-4497-A552-2980AE70E7F9}.Replica|Any CPU.Build.0 = Release|Any CPU
		{80BFE6C4-AD3B-4497-A552-2980AE70E7F9}.Replica|x64.ActiveCfg = Release|Any CPU
		{80BFE6C4-AD3B-4497-A552-2980AE70E7F9}.Replica|x64.Build.0 = Release|Any CPU
		{80BFE6C4-AD3B-4497-A552-2980AE70E7F9}.Replica|x86.ActiveCfg = Release|Any CPU
		{80BFE6C4-AD3B-4497-A552-2980AE70E7F9}.Replica|x86.Build.0 = Release|Any CPU
		{9ADFA4D0-D739-4DF8-ABE8-0F2B311C9CF4}.Branch|Any CPU.ActiveCfg = Debug|Any CPU
		{9ADFA4D0-D739-4DF8-ABE8-0F2B311C9CF4}.Branch|Any CPU.Build.0 = Debug|Any CPU
		{9ADFA4D0-D739-4DF8-ABE8-0F2B311C9CF4}.Branch|x64.ActiveCfg = Debug|Any CPU
		{9ADFA4D0-D739-4DF8-ABE8-0F2B311C9CF4}.Branch|x64.Build.0 = Debug|Any CPU
		{9ADFA4D0-D739-4DF8-ABE8-0F2B311C9CF4}.Branch|x86.ActiveCfg = Debug|Any CPU
		{9ADFA4D0-D739-4DF8-ABE8-0F2B311C9CF4}.Branch|x86.Build.0 = Debug|Any CPU
		{9ADFA4D0-D739-4DF8-ABE8-0F2B311C9CF4}.Debug|Any CPU.ActiveCfg = Debug|Any CPU
		{9ADFA4D0-D739-4DF8-ABE8-0F2B311C9CF4}.Debug|Any CPU.Build.0 = Debug|Any CPU
		{9ADFA4D0-D739-4DF8-ABE8-0F2B311C9CF4}.Debug|x64.ActiveCfg = Debug|Any CPU
		{9ADFA4D0-D739-4DF8-ABE8-0F2B311C9CF4}.Debug|x64.Build.0 = Debug|Any CPU
		{9ADFA4D0-D739-4DF8-ABE8-0F2B311C9CF4}.Debug|x86.ActiveCfg = Debug|Any CPU
		{9ADFA4D0-D739-4DF8-ABE8-0F2B311C9CF4}.Debug|x86.Build.0 = Debug|Any CPU
		{9ADFA4D0-D739-4DF8-ABE8-0F2B311C9CF4}.Dev|Any CPU.ActiveCfg = Debug|Any CPU
		{9ADFA4D0-D739-4DF8-ABE8-0F2B311C9CF4}.Dev|Any CPU.Build.0 = Debug|Any CPU
		{9ADFA4D0-D739-4DF8-ABE8-0F2B311C9CF4}.Dev|x64.ActiveCfg = Debug|Any CPU
		{9ADFA4D0-D739-4DF8-ABE8-0F2B311C9CF4}.Dev|x64.Build.0 = Debug|Any CPU
		{9ADFA4D0-D739-4DF8-ABE8-0F2B311C9CF4}.Dev|x86.ActiveCfg = Debug|Any CPU
		{9ADFA4D0-D739-4DF8-ABE8-0F2B311C9CF4}.Dev|x86.Build.0 = Debug|Any CPU
		{9ADFA4D0-D739-4DF8-ABE8-0F2B311C9CF4}.Dev1|Any CPU.ActiveCfg = Debug|Any CPU
		{9ADFA4D0-D739-4DF8-ABE8-0F2B311C9CF4}.Dev1|Any CPU.Build.0 = Debug|Any CPU
		{9ADFA4D0-D739-4DF8-ABE8-0F2B311C9CF4}.Dev1|x64.ActiveCfg = Debug|Any CPU
		{9ADFA4D0-D739-4DF8-ABE8-0F2B311C9CF4}.Dev1|x64.Build.0 = Debug|Any CPU
		{9ADFA4D0-D739-4DF8-ABE8-0F2B311C9CF4}.Dev1|x86.ActiveCfg = Debug|Any CPU
		{9ADFA4D0-D739-4DF8-ABE8-0F2B311C9CF4}.Dev1|x86.Build.0 = Debug|Any CPU
		{9ADFA4D0-D739-4DF8-ABE8-0F2B311C9CF4}.Dev2|Any CPU.ActiveCfg = Debug|Any CPU
		{9ADFA4D0-D739-4DF8-ABE8-0F2B311C9CF4}.Dev2|Any CPU.Build.0 = Debug|Any CPU
		{9ADFA4D0-D739-4DF8-ABE8-0F2B311C9CF4}.Dev2|x64.ActiveCfg = Debug|Any CPU
		{9ADFA4D0-D739-4DF8-ABE8-0F2B311C9CF4}.Dev2|x64.Build.0 = Debug|Any CPU
		{9ADFA4D0-D739-4DF8-ABE8-0F2B311C9CF4}.Dev2|x86.ActiveCfg = Debug|Any CPU
		{9ADFA4D0-D739-4DF8-ABE8-0F2B311C9CF4}.Dev2|x86.Build.0 = Debug|Any CPU
		{9ADFA4D0-D739-4DF8-ABE8-0F2B311C9CF4}.Hotfix|Any CPU.ActiveCfg = Debug|Any CPU
		{9ADFA4D0-D739-4DF8-ABE8-0F2B311C9CF4}.Hotfix|Any CPU.Build.0 = Debug|Any CPU
		{9ADFA4D0-D739-4DF8-ABE8-0F2B311C9CF4}.Hotfix|x64.ActiveCfg = Debug|Any CPU
		{9ADFA4D0-D739-4DF8-ABE8-0F2B311C9CF4}.Hotfix|x64.Build.0 = Debug|Any CPU
		{9ADFA4D0-D739-4DF8-ABE8-0F2B311C9CF4}.Hotfix|x86.ActiveCfg = Debug|Any CPU
		{9ADFA4D0-D739-4DF8-ABE8-0F2B311C9CF4}.Hotfix|x86.Build.0 = Debug|Any CPU
		{9ADFA4D0-D739-4DF8-ABE8-0F2B311C9CF4}.PLG|Any CPU.ActiveCfg = Debug|Any CPU
		{9ADFA4D0-D739-4DF8-ABE8-0F2B311C9CF4}.PLG|Any CPU.Build.0 = Debug|Any CPU
		{9ADFA4D0-D739-4DF8-ABE8-0F2B311C9CF4}.PLG|x64.ActiveCfg = Debug|Any CPU
		{9ADFA4D0-D739-4DF8-ABE8-0F2B311C9CF4}.PLG|x64.Build.0 = Debug|Any CPU
		{9ADFA4D0-D739-4DF8-ABE8-0F2B311C9CF4}.PLG|x86.ActiveCfg = Debug|Any CPU
		{9ADFA4D0-D739-4DF8-ABE8-0F2B311C9CF4}.PLG|x86.Build.0 = Debug|Any CPU
		{9ADFA4D0-D739-4DF8-ABE8-0F2B311C9CF4}.PROD|Any CPU.ActiveCfg = Debug|Any CPU
		{9ADFA4D0-D739-4DF8-ABE8-0F2B311C9CF4}.PROD|Any CPU.Build.0 = Debug|Any CPU
		{9ADFA4D0-D739-4DF8-ABE8-0F2B311C9CF4}.PROD|x64.ActiveCfg = Debug|Any CPU
		{9ADFA4D0-D739-4DF8-ABE8-0F2B311C9CF4}.PROD|x64.Build.0 = Debug|Any CPU
		{9ADFA4D0-D739-4DF8-ABE8-0F2B311C9CF4}.PROD|x86.ActiveCfg = Debug|Any CPU
		{9ADFA4D0-D739-4DF8-ABE8-0F2B311C9CF4}.PROD|x86.Build.0 = Debug|Any CPU
		{9ADFA4D0-D739-4DF8-ABE8-0F2B311C9CF4}.PROD-LL|Any CPU.ActiveCfg = Debug|Any CPU
		{9ADFA4D0-D739-4DF8-ABE8-0F2B311C9CF4}.PROD-LL|Any CPU.Build.0 = Debug|Any CPU
		{9ADFA4D0-D739-4DF8-ABE8-0F2B311C9CF4}.PROD-LL|x64.ActiveCfg = Debug|Any CPU
		{9ADFA4D0-D739-4DF8-ABE8-0F2B311C9CF4}.PROD-LL|x64.Build.0 = Debug|Any CPU
		{9ADFA4D0-D739-4DF8-ABE8-0F2B311C9CF4}.PROD-LL|x86.ActiveCfg = Debug|Any CPU
		{9ADFA4D0-D739-4DF8-ABE8-0F2B311C9CF4}.PROD-LL|x86.Build.0 = Debug|Any CPU
		{9ADFA4D0-D739-4DF8-ABE8-0F2B311C9CF4}.QA|Any CPU.ActiveCfg = Debug|Any CPU
		{9ADFA4D0-D739-4DF8-ABE8-0F2B311C9CF4}.QA|Any CPU.Build.0 = Debug|Any CPU
		{9ADFA4D0-D739-4DF8-ABE8-0F2B311C9CF4}.QA|x64.ActiveCfg = Debug|Any CPU
		{9ADFA4D0-D739-4DF8-ABE8-0F2B311C9CF4}.QA|x64.Build.0 = Debug|Any CPU
		{9ADFA4D0-D739-4DF8-ABE8-0F2B311C9CF4}.QA|x86.ActiveCfg = Debug|Any CPU
		{9ADFA4D0-D739-4DF8-ABE8-0F2B311C9CF4}.QA|x86.Build.0 = Debug|Any CPU
		{9ADFA4D0-D739-4DF8-ABE8-0F2B311C9CF4}.Release|Any CPU.ActiveCfg = Release|Any CPU
		{9ADFA4D0-D739-4DF8-ABE8-0F2B311C9CF4}.Release|Any CPU.Build.0 = Release|Any CPU
		{9ADFA4D0-D739-4DF8-ABE8-0F2B311C9CF4}.Release|x64.ActiveCfg = Release|Any CPU
		{9ADFA4D0-D739-4DF8-ABE8-0F2B311C9CF4}.Release|x64.Build.0 = Release|Any CPU
		{9ADFA4D0-D739-4DF8-ABE8-0F2B311C9CF4}.Release|x86.ActiveCfg = Release|Any CPU
		{9ADFA4D0-D739-4DF8-ABE8-0F2B311C9CF4}.Release|x86.Build.0 = Release|Any CPU
		{9ADFA4D0-D739-4DF8-ABE8-0F2B311C9CF4}.Replica|Any CPU.ActiveCfg = Release|Any CPU
		{9ADFA4D0-D739-4DF8-ABE8-0F2B311C9CF4}.Replica|Any CPU.Build.0 = Release|Any CPU
		{9ADFA4D0-D739-4DF8-ABE8-0F2B311C9CF4}.Replica|x64.ActiveCfg = Release|Any CPU
		{9ADFA4D0-D739-4DF8-ABE8-0F2B311C9CF4}.Replica|x64.Build.0 = Release|Any CPU
		{9ADFA4D0-D739-4DF8-ABE8-0F2B311C9CF4}.Replica|x86.ActiveCfg = Release|Any CPU
		{9ADFA4D0-D739-4DF8-ABE8-0F2B311C9CF4}.Replica|x86.Build.0 = Release|Any CPU
		{2511C128-E086-4667-9CB1-1E7BCE3FD4C3}.Branch|Any CPU.ActiveCfg = Debug|Any CPU
		{2511C128-E086-4667-9CB1-1E7BCE3FD4C3}.Branch|Any CPU.Build.0 = Debug|Any CPU
		{2511C128-E086-4667-9CB1-1E7BCE3FD4C3}.Branch|x64.ActiveCfg = Debug|Any CPU
		{2511C128-E086-4667-9CB1-1E7BCE3FD4C3}.Branch|x64.Build.0 = Debug|Any CPU
		{2511C128-E086-4667-9CB1-1E7BCE3FD4C3}.Branch|x86.ActiveCfg = Debug|Any CPU
		{2511C128-E086-4667-9CB1-1E7BCE3FD4C3}.Branch|x86.Build.0 = Debug|Any CPU
		{2511C128-E086-4667-9CB1-1E7BCE3FD4C3}.Debug|Any CPU.ActiveCfg = Debug|Any CPU
		{2511C128-E086-4667-9CB1-1E7BCE3FD4C3}.Debug|Any CPU.Build.0 = Debug|Any CPU
		{2511C128-E086-4667-9CB1-1E7BCE3FD4C3}.Debug|x64.ActiveCfg = Debug|Any CPU
		{2511C128-E086-4667-9CB1-1E7BCE3FD4C3}.Debug|x64.Build.0 = Debug|Any CPU
		{2511C128-E086-4667-9CB1-1E7BCE3FD4C3}.Debug|x86.ActiveCfg = Debug|Any CPU
		{2511C128-E086-4667-9CB1-1E7BCE3FD4C3}.Debug|x86.Build.0 = Debug|Any CPU
		{2511C128-E086-4667-9CB1-1E7BCE3FD4C3}.Dev|Any CPU.ActiveCfg = Debug|Any CPU
		{2511C128-E086-4667-9CB1-1E7BCE3FD4C3}.Dev|Any CPU.Build.0 = Debug|Any CPU
		{2511C128-E086-4667-9CB1-1E7BCE3FD4C3}.Dev|x64.ActiveCfg = Debug|Any CPU
		{2511C128-E086-4667-9CB1-1E7BCE3FD4C3}.Dev|x64.Build.0 = Debug|Any CPU
		{2511C128-E086-4667-9CB1-1E7BCE3FD4C3}.Dev|x86.ActiveCfg = Debug|Any CPU
		{2511C128-E086-4667-9CB1-1E7BCE3FD4C3}.Dev|x86.Build.0 = Debug|Any CPU
		{2511C128-E086-4667-9CB1-1E7BCE3FD4C3}.Dev1|Any CPU.ActiveCfg = Debug|Any CPU
		{2511C128-E086-4667-9CB1-1E7BCE3FD4C3}.Dev1|Any CPU.Build.0 = Debug|Any CPU
		{2511C128-E086-4667-9CB1-1E7BCE3FD4C3}.Dev1|x64.ActiveCfg = Debug|Any CPU
		{2511C128-E086-4667-9CB1-1E7BCE3FD4C3}.Dev1|x64.Build.0 = Debug|Any CPU
		{2511C128-E086-4667-9CB1-1E7BCE3FD4C3}.Dev1|x86.ActiveCfg = Debug|Any CPU
		{2511C128-E086-4667-9CB1-1E7BCE3FD4C3}.Dev1|x86.Build.0 = Debug|Any CPU
		{2511C128-E086-4667-9CB1-1E7BCE3FD4C3}.Dev2|Any CPU.ActiveCfg = Debug|Any CPU
		{2511C128-E086-4667-9CB1-1E7BCE3FD4C3}.Dev2|Any CPU.Build.0 = Debug|Any CPU
		{2511C128-E086-4667-9CB1-1E7BCE3FD4C3}.Dev2|x64.ActiveCfg = Debug|Any CPU
		{2511C128-E086-4667-9CB1-1E7BCE3FD4C3}.Dev2|x64.Build.0 = Debug|Any CPU
		{2511C128-E086-4667-9CB1-1E7BCE3FD4C3}.Dev2|x86.ActiveCfg = Debug|Any CPU
		{2511C128-E086-4667-9CB1-1E7BCE3FD4C3}.Dev2|x86.Build.0 = Debug|Any CPU
		{2511C128-E086-4667-9CB1-1E7BCE3FD4C3}.Hotfix|Any CPU.ActiveCfg = Debug|Any CPU
		{2511C128-E086-4667-9CB1-1E7BCE3FD4C3}.Hotfix|Any CPU.Build.0 = Debug|Any CPU
		{2511C128-E086-4667-9CB1-1E7BCE3FD4C3}.Hotfix|x64.ActiveCfg = Debug|Any CPU
		{2511C128-E086-4667-9CB1-1E7BCE3FD4C3}.Hotfix|x64.Build.0 = Debug|Any CPU
		{2511C128-E086-4667-9CB1-1E7BCE3FD4C3}.Hotfix|x86.ActiveCfg = Debug|Any CPU
		{2511C128-E086-4667-9CB1-1E7BCE3FD4C3}.Hotfix|x86.Build.0 = Debug|Any CPU
		{2511C128-E086-4667-9CB1-1E7BCE3FD4C3}.PLG|Any CPU.ActiveCfg = Debug|Any CPU
		{2511C128-E086-4667-9CB1-1E7BCE3FD4C3}.PLG|Any CPU.Build.0 = Debug|Any CPU
		{2511C128-E086-4667-9CB1-1E7BCE3FD4C3}.PLG|x64.ActiveCfg = Debug|Any CPU
		{2511C128-E086-4667-9CB1-1E7BCE3FD4C3}.PLG|x64.Build.0 = Debug|Any CPU
		{2511C128-E086-4667-9CB1-1E7BCE3FD4C3}.PLG|x86.ActiveCfg = Debug|Any CPU
		{2511C128-E086-4667-9CB1-1E7BCE3FD4C3}.PLG|x86.Build.0 = Debug|Any CPU
		{2511C128-E086-4667-9CB1-1E7BCE3FD4C3}.PROD|Any CPU.ActiveCfg = Debug|Any CPU
		{2511C128-E086-4667-9CB1-1E7BCE3FD4C3}.PROD|Any CPU.Build.0 = Debug|Any CPU
		{2511C128-E086-4667-9CB1-1E7BCE3FD4C3}.PROD|x64.ActiveCfg = Debug|Any CPU
		{2511C128-E086-4667-9CB1-1E7BCE3FD4C3}.PROD|x64.Build.0 = Debug|Any CPU
		{2511C128-E086-4667-9CB1-1E7BCE3FD4C3}.PROD|x86.ActiveCfg = Debug|Any CPU
		{2511C128-E086-4667-9CB1-1E7BCE3FD4C3}.PROD|x86.Build.0 = Debug|Any CPU
		{2511C128-E086-4667-9CB1-1E7BCE3FD4C3}.PROD-LL|Any CPU.ActiveCfg = Debug|Any CPU
		{2511C128-E086-4667-9CB1-1E7BCE3FD4C3}.PROD-LL|Any CPU.Build.0 = Debug|Any CPU
		{2511C128-E086-4667-9CB1-1E7BCE3FD4C3}.PROD-LL|x64.ActiveCfg = Debug|Any CPU
		{2511C128-E086-4667-9CB1-1E7BCE3FD4C3}.PROD-LL|x64.Build.0 = Debug|Any CPU
		{2511C128-E086-4667-9CB1-1E7BCE3FD4C3}.PROD-LL|x86.ActiveCfg = Debug|Any CPU
		{2511C128-E086-4667-9CB1-1E7BCE3FD4C3}.PROD-LL|x86.Build.0 = Debug|Any CPU
		{2511C128-E086-4667-9CB1-1E7BCE3FD4C3}.QA|Any CPU.ActiveCfg = Debug|Any CPU
		{2511C128-E086-4667-9CB1-1E7BCE3FD4C3}.QA|Any CPU.Build.0 = Debug|Any CPU
		{2511C128-E086-4667-9CB1-1E7BCE3FD4C3}.QA|x64.ActiveCfg = Debug|Any CPU
		{2511C128-E086-4667-9CB1-1E7BCE3FD4C3}.QA|x64.Build.0 = Debug|Any CPU
		{2511C128-E086-4667-9CB1-1E7BCE3FD4C3}.QA|x86.ActiveCfg = Debug|Any CPU
		{2511C128-E086-4667-9CB1-1E7BCE3FD4C3}.QA|x86.Build.0 = Debug|Any CPU
		{2511C128-E086-4667-9CB1-1E7BCE3FD4C3}.Release|Any CPU.ActiveCfg = Release|Any CPU
		{2511C128-E086-4667-9CB1-1E7BCE3FD4C3}.Release|Any CPU.Build.0 = Release|Any CPU
		{2511C128-E086-4667-9CB1-1E7BCE3FD4C3}.Release|x64.ActiveCfg = Release|Any CPU
		{2511C128-E086-4667-9CB1-1E7BCE3FD4C3}.Release|x64.Build.0 = Release|Any CPU
		{2511C128-E086-4667-9CB1-1E7BCE3FD4C3}.Release|x86.ActiveCfg = Release|Any CPU
		{2511C128-E086-4667-9CB1-1E7BCE3FD4C3}.Release|x86.Build.0 = Release|Any CPU
		{2511C128-E086-4667-9CB1-1E7BCE3FD4C3}.Replica|Any CPU.ActiveCfg = Release|Any CPU
		{2511C128-E086-4667-9CB1-1E7BCE3FD4C3}.Replica|Any CPU.Build.0 = Release|Any CPU
		{2511C128-E086-4667-9CB1-1E7BCE3FD4C3}.Replica|x64.ActiveCfg = Release|Any CPU
		{2511C128-E086-4667-9CB1-1E7BCE3FD4C3}.Replica|x64.Build.0 = Release|Any CPU
		{2511C128-E086-4667-9CB1-1E7BCE3FD4C3}.Replica|x86.ActiveCfg = Release|Any CPU
		{2511C128-E086-4667-9CB1-1E7BCE3FD4C3}.Replica|x86.Build.0 = Release|Any CPU
	EndGlobalSection
	GlobalSection(SolutionProperties) = preSolution
		HideSolutionNode = FALSE
	EndGlobalSection
	GlobalSection(ExtensibilityGlobals) = postSolution
		SolutionGuid = {83F202AE-DBAC-4959-8F3F-BB1A786F4C02}
	EndGlobalSection
	GlobalSection(SubversionScc) = preSolution
		Svn-Managed = True
		Manager = AnkhSVN - Subversion Support for Visual Studio
	EndGlobalSection
EndGlobal
